
Microsoft Visual Studio Solution File, Format Version 12.00
# Visual Studio 15
Project("{FAE04EC0-301F-11D3-BF4B-00C04F79EFBC}") = "UniHumanoid", "UniHumanoid.csproj", "{88B8250F-776B-57AF-75D4-9642ED9CE2D6}"
EndProject
Project("{FAE04EC0-301F-11D3-BF4B-00C04F79EFBC}") = "VRM10.Editor", "VRM10.Editor.csproj", "{A951437B-0FDD-6CF2-AD21-244E88DDB84A}"
EndProject
Project("{FAE04EC0-301F-11D3-BF4B-00C04F79EFBC}") = "UniGLTF.Editor", "UniGLTF.Editor.csproj", "{B982AE4B-FDDD-5683-5041-9397BC9E8D43}"
EndProject
Project("{FAE04EC0-301F-11D3-BF4B-00C04F79EFBC}") = "UniGLTF", "UniGLTF.csproj", "{A1A81C27-6964-2858-D31B-3EBF88B48ED2}"
EndProject
Project("{FAE04EC0-301F-11D3-BF4B-00C04F79EFBC}") = "VRM10", "VRM10.csproj", "{87A6B65F-331B-1B04-15E8-C82D9911A184}"
EndProject
Project("{FAE04EC0-301F-11D3-BF4B-00C04F79EFBC}") = "Assembly-CSharp", "Assembly-CSharp.csproj", "{5A023481-C2F1-1B9C-77E4-C4647447568C}"
EndProject
Project("{FAE04EC0-301F-11D3-BF4B-00C04F79EFBC}") = "VrmLibTests", "VrmLibTests.csproj", "{456485D9-44F6-6179-C7FD-701938FF229C}"
EndProject
Project("{FAE04EC0-301F-11D3-BF4B-00C04F79EFBC}") = "VrmLib", "VrmLib.csproj", "{8F3F25CE-9418-3D6C-299A-D147490C47E5}"
EndProject
Project("{FAE04EC0-301F-11D3-BF4B-00C04F79EFBC}") = "UniGLTF.Tests", "UniGLTF.Tests.csproj", "{CE99C8B2-4E2F-B5F9-C421-F9FC59F7F134}"
EndProject
Project("{FAE04EC0-301F-11D3-BF4B-00C04F79EFBC}") = "SpringBoneJobs", "SpringBoneJobs.csproj", "{1D0A8233-B479-8A43-E569-7EE100B17B6F}"
EndProject
Project("{FAE04EC0-301F-11D3-BF4B-00C04F79EFBC}") = "VRM10.MToon10", "VRM10.MToon10.csproj", "{803437C4-62F2-BB00-6CD5-88EF2A551704}"
EndProject
Project("{FAE04EC0-301F-11D3-BF4B-00C04F79EFBC}") = "UniGLTF.Utils", "UniGLTF.Utils.csproj", "{256DBD27-DA88-420F-E2AD-94EF08C5A823}"
EndProject
Project("{FAE04EC0-301F-11D3-BF4B-00C04F79EFBC}") = "Assembly-CSharp-Editor", "Assembly-CSharp-Editor.csproj", "{2293C072-FB5D-F4F8-D7EA-F3C9BCD896A4}"
EndProject
Project("{FAE04EC0-301F-11D3-BF4B-00C04F79EFBC}") = "UniHumanoid.Editor", "UniHumanoid.Editor.csproj", "{BAF63E8E-30FB-4C4C-629A-EB8523F6DAD8}"
EndProject
Project("{FAE04EC0-301F-11D3-BF4B-00C04F79EFBC}") = "VRM10.MToon10.Editor", "VRM10.MToon10.Editor.csproj", "{DE9854B8-A7BF-23E3-4A36-495D8C9E0B0F}"
EndProject
Project("{FAE04EC0-301F-11D3-BF4B-00C04F79EFBC}") = "VRM10.Tests", "VRM10.Tests.csproj", "{C3912ECE-EC2B-082C-B9E4-DCE57B255F83}"
EndProject
Project("{FAE04EC0-301F-11D3-BF4B-00C04F79EFBC}") = "UniGLTF.UniUnlit", "UniGLTF.UniUnlit.csproj", "{CFEE1611-B090-6BB9-D734-5063AAE1791E}"
EndProject
Project("{FAE04EC0-301F-11D3-BF4B-00C04F79EFBC}") = "UniGLTF.UniUnlit.Editor", "UniGLTF.UniUnlit.Editor.csproj", "{6D32B3D1-54B8-2474-402B-CB391D16DF00}"
EndProject
Project("{FAE04EC0-301F-11D3-BF4B-00C04F79EFBC}") = "VRM10.MToon10.Tests", "VRM10.MToon10.Tests.csproj", "{71A469A4-27BA-2FD3-366F-472EE1CFF6FC}"
EndProject
Project("{FAE04EC0-301F-11D3-BF4B-00C04F79EFBC}") = "FastSpringBone10", "FastSpringBone10.csproj", "{B54ACA08-92AE-3744-7F2E-DF54C9DE9C08}"
EndProject
Project("{FAE04EC0-301F-11D3-BF4B-00C04F79EFBC}") = "UniHumanoid.Editor.Tests", "UniHumanoid.Editor.Tests.csproj", "{F0CB249C-5E74-1545-2B50-043EA004A5A4}"
EndProject
Global
	GlobalSection(SolutionConfigurationPlatforms) = preSolution
		Debug|Any CPU = Debug|Any CPU
		Release|Any CPU = Release|Any CPU
	EndGlobalSection
	GlobalSection(ProjectConfigurationPlatforms) = postSolution
		{88B8250F-776B-57AF-75D4-9642ED9CE2D6}.Debug|Any CPU.ActiveCfg = Debug|Any CPU
		{88B8250F-776B-57AF-75D4-9642ED9CE2D6}.Debug|Any CPU.Build.0 = Debug|Any CPU
		{88B8250F-776B-57AF-75D4-9642ED9CE2D6}.Release|Any CPU.ActiveCfg = Release|Any CPU
		{88B8250F-776B-57AF-75D4-9642ED9CE2D6}.Release|Any CPU.Build.0 = Release|Any CPU
		{A951437B-0FDD-6CF2-AD21-244E88DDB84A}.Debug|Any CPU.ActiveCfg = Debug|Any CPU
		{A951437B-0FDD-6CF2-AD21-244E88DDB84A}.Debug|Any CPU.Build.0 = Debug|Any CPU
		{A951437B-0FDD-6CF2-AD21-244E88DDB84A}.Release|Any CPU.ActiveCfg = Release|Any CPU
		{A951437B-0FDD-6CF2-AD21-244E88DDB84A}.Release|Any CPU.Build.0 = Release|Any CPU
		{B982AE4B-FDDD-5683-5041-9397BC9E8D43}.Debug|Any CPU.ActiveCfg = Debug|Any CPU
		{B982AE4B-FDDD-5683-5041-9397BC9E8D43}.Debug|Any CPU.Build.0 = Debug|Any CPU
		{B982AE4B-FDDD-5683-5041-9397BC9E8D43}.Release|Any CPU.ActiveCfg = Release|Any CPU
		{B982AE4B-FDDD-5683-5041-9397BC9E8D43}.Release|Any CPU.Build.0 = Release|Any CPU
		{A1A81C27-6964-2858-D31B-3EBF88B48ED2}.Debug|Any CPU.ActiveCfg = Debug|Any CPU
		{A1A81C27-6964-2858-D31B-3EBF88B48ED2}.Debug|Any CPU.Build.0 = Debug|Any CPU
		{A1A81C27-6964-2858-D31B-3EBF88B48ED2}.Release|Any CPU.ActiveCfg = Release|Any CPU
		{A1A81C27-6964-2858-D31B-3EBF88B48ED2}.Release|Any CPU.Build.0 = Release|Any CPU
		{87A6B65F-331B-1B04-15E8-C82D9911A184}.Debug|Any CPU.ActiveCfg = Debug|Any CPU
		{87A6B65F-331B-1B04-15E8-C82D9911A184}.Debug|Any CPU.Build.0 = Debug|Any CPU
		{87A6B65F-331B-1B04-15E8-C82D9911A184}.Release|Any CPU.ActiveCfg = Release|Any CPU
		{87A6B65F-331B-1B04-15E8-C82D9911A184}.Release|Any CPU.Build.0 = Release|Any CPU
		{5A023481-C2F1-1B9C-77E4-C4647447568C}.Debug|Any CPU.ActiveCfg = Debug|Any CPU
		{5A023481-C2F1-1B9C-77E4-C4647447568C}.Debug|Any CPU.Build.0 = Debug|Any CPU
		{5A023481-C2F1-1B9C-77E4-C4647447568C}.Release|Any CPU.ActiveCfg = Release|Any CPU
		{5A023481-C2F1-1B9C-77E4-C4647447568C}.Release|Any CPU.Build.0 = Release|Any CPU
		{456485D9-44F6-6179-C7FD-701938FF229C}.Debug|Any CPU.ActiveCfg = Debug|Any CPU
		{456485D9-44F6-6179-C7FD-701938FF229C}.Debug|Any CPU.Build.0 = Debug|Any CPU
		{456485D9-44F6-6179-C7FD-701938FF229C}.Release|Any CPU.ActiveCfg = Release|Any CPU
		{456485D9-44F6-6179-C7FD-701938FF229C}.Release|Any CPU.Build.0 = Release|Any CPU
		{8F3F25CE-9418-3D6C-299A-D147490C47E5}.Debug|Any CPU.ActiveCfg = Debug|Any CPU
		{8F3F25CE-9418-3D6C-299A-D147490C47E5}.Debug|Any CPU.Build.0 = Debug|Any CPU
		{8F3F25CE-9418-3D6C-299A-D147490C47E5}.Release|Any CPU.ActiveCfg = Release|Any CPU
		{8F3F25CE-9418-3D6C-299A-D147490C47E5}.Release|Any CPU.Build.0 = Release|Any CPU
		{CE99C8B2-4E2F-B5F9-C421-F9FC59F7F134}.Debug|Any CPU.ActiveCfg = Debug|Any CPU
		{CE99C8B2-4E2F-B5F9-C421-F9FC59F7F134}.Debug|Any CPU.Build.0 = Debug|Any CPU
		{CE99C8B2-4E2F-B5F9-C421-F9FC59F7F134}.Release|Any CPU.ActiveCfg = Release|Any CPU
		{CE99C8B2-4E2F-B5F9-C421-F9FC59F7F134}.Release|Any CPU.Build.0 = Release|Any CPU
		{1D0A8233-B479-8A43-E569-7EE100B17B6F}.Debug|Any CPU.ActiveCfg = Debug|Any CPU
		{1D0A8233-B479-8A43-E569-7EE100B17B6F}.Debug|Any CPU.Build.0 = Debug|Any CPU
		{1D0A8233-B479-8A43-E569-7EE100B17B6F}.Release|Any CPU.ActiveCfg = Release|Any CPU
		{1D0A8233-B479-8A43-E569-7EE100B17B6F}.Release|Any CPU.Build.0 = Release|Any CPU
		{803437C4-62F2-BB00-6CD5-88EF2A551704}.Debug|Any CPU.ActiveCfg = Debug|Any CPU
		{803437C4-62F2-BB00-6CD5-88EF2A551704}.Debug|Any CPU.Build.0 = Debug|Any CPU
		{803437C4-62F2-BB00-6CD5-88EF2A551704}.Release|Any CPU.ActiveCfg = Release|Any CPU
		{803437C4-62F2-BB00-6CD5-88EF2A551704}.Release|Any CPU.Build.0 = Release|Any CPU
		{256DBD27-DA88-420F-E2AD-94EF08C5A823}.Debug|Any CPU.ActiveCfg = Debug|Any CPU
		{256DBD27-DA88-420F-E2AD-94EF08C5A823}.Debug|Any CPU.Build.0 = Debug|Any CPU
		{256DBD27-DA88-420F-E2AD-94EF08C5A823}.Release|Any CPU.ActiveCfg = Release|Any CPU
		{256DBD27-DA88-420F-E2AD-94EF08C5A823}.Release|Any CPU.Build.0 = Release|Any CPU
		{2293C072-FB5D-F4F8-D7EA-F3C9BCD896A4}.Debug|Any CPU.ActiveCfg = Debug|Any CPU
		{2293C072-FB5D-F4F8-D7EA-F3C9BCD896A4}.Debug|Any CPU.Build.0 = Debug|Any CPU
		{2293C072-FB5D-F4F8-D7EA-F3C9BCD896A4}.Release|Any CPU.ActiveCfg = Release|Any CPU
		{2293C072-FB5D-F4F8-D7EA-F3C9BCD896A4}.Release|Any CPU.Build.0 = Release|Any CPU
		{BAF63E8E-30FB-4C4C-629A-EB8523F6DAD8}.Debug|Any CPU.ActiveCfg = Debug|Any CPU
		{BAF63E8E-30FB-4C4C-629A-EB8523F6DAD8}.Debug|Any CPU.Build.0 = Debug|Any CPU
		{BAF63E8E-30FB-4C4C-629A-EB8523F6DAD8}.Release|Any CPU.ActiveCfg = Release|Any CPU
		{BAF63E8E-30FB-4C4C-629A-EB8523F6DAD8}.Release|Any CPU.Build.0 = Release|Any CPU
		{DE9854B8-A7BF-23E3-4A36-495D8C9E0B0F}.Debug|Any CPU.ActiveCfg = Debug|Any CPU
		{DE9854B8-A7BF-23E3-4A36-495D8C9E0B0F}.Debug|Any CPU.Build.0 = Debug|Any CPU
		{DE9854B8-A7BF-23E3-4A36-495D8C9E0B0F}.Release|Any CPU.ActiveCfg = Release|Any CPU
		{DE9854B8-A7BF-23E3-4A36-495D8C9E0B0F}.Release|Any CPU.Build.0 = Release|Any CPU
		{C3912ECE-EC2B-082C-B9E4-DCE57B255F83}.Debug|Any CPU.ActiveCfg = Debug|Any CPU
		{C3912ECE-EC2B-082C-B9E4-DCE57B255F83}.Debug|Any CPU.Build.0 = Debug|Any CPU
		{C3912ECE-EC2B-082C-B9E4-DCE57B255F83}.Release|Any CPU.ActiveCfg = Release|Any CPU
		{C3912ECE-EC2B-082C-B9E4-DCE57B255F83}.Release|Any CPU.Build.0 = Release|Any CPU
		{CFEE1611-B090-6BB9-D734-5063AAE1791E}.Debug|Any CPU.ActiveCfg = Debug|Any CPU
		{CFEE1611-B090-6BB9-D734-5063AAE1791E}.Debug|Any CPU.Build.0 = Debug|Any CPU
		{CFEE1611-B090-6BB9-D734-5063AAE1791E}.Release|Any CPU.ActiveCfg = Release|Any CPU
		{CFEE1611-B090-6BB9-D734-5063AAE1791E}.Release|Any CPU.Build.0 = Release|Any CPU
		{6D32B3D1-54B8-2474-402B-CB391D16DF00}.Debug|Any CPU.ActiveCfg = Debug|Any CPU
		{6D32B3D1-54B8-2474-402B-CB391D16DF00}.Debug|Any CPU.Build.0 = Debug|Any CPU
		{6D32B3D1-54B8-2474-402B-CB391D16DF00}.Release|Any CPU.ActiveCfg = Release|Any CPU
		{6D32B3D1-54B8-2474-402B-CB391D16DF00}.Release|Any CPU.Build.0 = Release|Any CPU
		{71A469A4-27BA-2FD3-366F-472EE1CFF6FC}.Debug|Any CPU.ActiveCfg = Debug|Any CPU
		{71A469A4-27BA-2FD3-366F-472EE1CFF6FC}.Debug|Any CPU.Build.0 = Debug|Any CPU
		{71A469A4-27BA-2FD3-366F-472EE1CFF6FC}.Release|Any CPU.ActiveCfg = Release|Any CPU
		{71A469A4-27BA-2FD3-366F-472EE1CFF6FC}.Release|Any CPU.Build.0 = Release|Any CPU
		{B54ACA08-92AE-3744-7F2E-DF54C9DE9C08}.Debug|Any CPU.ActiveCfg = Debug|Any CPU
		{B54ACA08-92AE-3744-7F2E-DF54C9DE9C08}.Debug|Any CPU.Build.0 = Debug|Any CPU
		{B54ACA08-92AE-3744-7F2E-DF54C9DE9C08}.Release|Any CPU.ActiveCfg = Release|Any CPU
		{B54ACA08-92AE-3744-7F2E-DF54C9DE9C08}.Release|Any CPU.Build.0 = Release|Any CPU
		{F0CB249C-5E74-1545-2B50-043EA004A5A4}.Debug|Any CPU.ActiveCfg = Debug|Any CPU
		{F0CB249C-5E74-1545-2B50-043EA004A5A4}.Debug|Any CPU.Build.0 = Debug|Any CPU
		{F0CB249C-5E74-1545-2B50-043EA004A5A4}.Release|Any CPU.ActiveCfg = Release|Any CPU
		{F0CB249C-5E74-1545-2B50-043EA004A5A4}.Release|Any CPU.Build.0 = Release|Any CPU
	EndGlobalSection
	GlobalSection(SolutionProperties) = preSolution
		HideSolutionNode = FALSE
	EndGlobalSection
EndGlobal
